
Microsoft Visual Studio Solution File, Format Version 12.00
# Visual Studio Express 2012 for Windows Phone
Project("{FAE04EC0-301F-11D3-BF4B-00C04F79EFBC}") = "GameName1", "GameName1\GameName1.csproj", "{F539ECEB-1166-4944-AD38-E4C060B0CF65}"
EndProject
Project("{FAE04EC0-301F-11D3-BF4B-00C04F79EFBC}") = "FarSeerPort", "FarSeerPort\FarSeerPort.csproj", "{38C6014A-7647-44B1-AD8C-EDFB75AC5F18}"
EndProject
Project("{FAE04EC0-301F-11D3-BF4B-00C04F79EFBC}") = "XNAHelper", "XNAHelper\XNAHelper.csproj", "{D4F521A5-7066-4EF6-BB85-FF844BF6F750}"
EndProject
Project("{2150E333-8FDC-42A3-9474-1A3956D46DE8}") = ".nuget", ".nuget", "{6DE353F8-69AE-4837-B06F-4ABCAA27497E}"
	ProjectSection(SolutionItems) = preProject
		.nuget\NuGet.Config = .nuget\NuGet.Config
		.nuget\NuGet.exe = .nuget\NuGet.exe
		.nuget\NuGet.targets = .nuget\NuGet.targets
	EndProjectSection
EndProject
Global
	GlobalSection(SolutionConfigurationPlatforms) = preSolution
		Debug|Any CPU = Debug|Any CPU
		Debug|ARM = Debug|ARM
		Debug|Mixed Platforms = Debug|Mixed Platforms
		Debug|Windows Phone = Debug|Windows Phone
		Debug|x86 = Debug|x86
		Release|Any CPU = Release|Any CPU
		Release|ARM = Release|ARM
		Release|Mixed Platforms = Release|Mixed Platforms
		Release|Windows Phone = Release|Windows Phone
		Release|x86 = Release|x86
	EndGlobalSection
	GlobalSection(ProjectConfigurationPlatforms) = postSolution
		{F539ECEB-1166-4944-AD38-E4C060B0CF65}.Debug|Any CPU.ActiveCfg = Debug|x86
		{F539ECEB-1166-4944-AD38-E4C060B0CF65}.Debug|ARM.ActiveCfg = Debug|ARM
		{F539ECEB-1166-4944-AD38-E4C060B0CF65}.Debug|ARM.Build.0 = Debug|ARM
		{F539ECEB-1166-4944-AD38-E4C060B0CF65}.Debug|ARM.Deploy.0 = Debug|ARM
		{F539ECEB-1166-4944-AD38-E4C060B0CF65}.Debug|Mixed Platforms.ActiveCfg = Debug|x86
		{F539ECEB-1166-4944-AD38-E4C060B0CF65}.Debug|Mixed Platforms.Build.0 = Debug|x86
		{F539ECEB-1166-4944-AD38-E4C060B0CF65}.Debug|Mixed Platforms.Deploy.0 = Debug|x86
		{F539ECEB-1166-4944-AD38-E4C060B0CF65}.Debug|Windows Phone.ActiveCfg = Debug|x86
		{F539ECEB-1166-4944-AD38-E4C060B0CF65}.Debug|x86.ActiveCfg = Debug|x86
		{F539ECEB-1166-4944-AD38-E4C060B0CF65}.Debug|x86.Build.0 = Debug|x86
		{F539ECEB-1166-4944-AD38-E4C060B0CF65}.Debug|x86.Deploy.0 = Debug|x86
		{F539ECEB-1166-4944-AD38-E4C060B0CF65}.Release|Any CPU.ActiveCfg = Release|x86
		{F539ECEB-1166-4944-AD38-E4C060B0CF65}.Release|ARM.ActiveCfg = Release|ARM
		{F539ECEB-1166-4944-AD38-E4C060B0CF65}.Release|ARM.Build.0 = Release|ARM
		{F539ECEB-1166-4944-AD38-E4C060B0CF65}.Release|ARM.Deploy.0 = Release|ARM
		{F539ECEB-1166-4944-AD38-E4C060B0CF65}.Release|Mixed Platforms.ActiveCfg = Release|x86
		{F539ECEB-1166-4944-AD38-E4C060B0CF65}.Release|Mixed Platforms.Build.0 = Release|x86
		{F539ECEB-1166-4944-AD38-E4C060B0CF65}.Release|Mixed Platforms.Deploy.0 = Release|x86
		{F539ECEB-1166-4944-AD38-E4C060B0CF65}.Release|Windows Phone.ActiveCfg = Release|x86
		{F539ECEB-1166-4944-AD38-E4C060B0CF65}.Release|x86.ActiveCfg = Release|x86
		{F539ECEB-1166-4944-AD38-E4C060B0CF65}.Release|x86.Build.0 = Release|x86
		{F539ECEB-1166-4944-AD38-E4C060B0CF65}.Release|x86.Deploy.0 = Release|x86
		{38C6014A-7647-44B1-AD8C-EDFB75AC5F18}.Debug|Any CPU.ActiveCfg = Debug|Any CPU
		{38C6014A-7647-44B1-AD8C-EDFB75AC5F18}.Debug|Any CPU.Build.0 = Debug|Any CPU
		{38C6014A-7647-44B1-AD8C-EDFB75AC5F18}.Debug|ARM.ActiveCfg = Debug|ARM
		{38C6014A-7647-44B1-AD8C-EDFB75AC5F18}.Debug|ARM.Build.0 = Debug|ARM
		{38C6014A-7647-44B1-AD8C-EDFB75AC5F18}.Debug|Mixed Platforms.ActiveCfg = Debug|x86
		{38C6014A-7647-44B1-AD8C-EDFB75AC5F18}.Debug|Mixed Platforms.Build.0 = Debug|x86
		{38C6014A-7647-44B1-AD8C-EDFB75AC5F18}.Debug|Windows Phone.ActiveCfg = Debug|Any CPU
		{38C6014A-7647-44B1-AD8C-EDFB75AC5F18}.Debug|x86.ActiveCfg = Debug|x86
		{38C6014A-7647-44B1-AD8C-EDFB75AC5F18}.Debug|x86.Build.0 = Debug|x86
		{38C6014A-7647-44B1-AD8C-EDFB75AC5F18}.Release|Any CPU.ActiveCfg = Release|Any CPU
		{38C6014A-7647-44B1-AD8C-EDFB75AC5F18}.Release|Any CPU.Build.0 = Release|Any CPU
		{38C6014A-7647-44B1-AD8C-EDFB75AC5F18}.Release|ARM.ActiveCfg = Release|ARM
		{38C6014A-7647-44B1-AD8C-EDFB75AC5F18}.Release|ARM.Build.0 = Release|ARM
		{38C6014A-7647-44B1-AD8C-EDFB75AC5F18}.Release|Mixed Platforms.ActiveCfg = Release|x86
		{38C6014A-7647-44B1-AD8C-EDFB75AC5F18}.Release|Mixed Platforms.Build.0 = Release|x86
		{38C6014A-7647-44B1-AD8C-EDFB75AC5F18}.Release|Windows Phone.ActiveCfg = Release|Any CPU
		{38C6014A-7647-44B1-AD8C-EDFB75AC5F18}.Release|x86.ActiveCfg = Release|x86
		{38C6014A-7647-44B1-AD8C-EDFB75AC5F18}.Release|x86.Build.0 = Release|x86
		{D4F521A5-7066-4EF6-BB85-FF844BF6F750}.Debug|Any CPU.ActiveCfg = Debug|Any CPU
		{D4F521A5-7066-4EF6-BB85-FF844BF6F750}.Debug|Any CPU.Build.0 = Debug|Any CPU
		{D4F521A5-7066-4EF6-BB85-FF844BF6F750}.Debug|ARM.ActiveCfg = Debug|ARM
		{D4F521A5-7066-4EF6-BB85-FF844BF6F750}.Debug|ARM.Build.0 = Debug|ARM
		{D4F521A5-7066-4EF6-BB85-FF844BF6F750}.Debug|Mixed Platforms.ActiveCfg = Debug|x86
		{D4F521A5-7066-4EF6-BB85-FF844BF6F750}.Debug|Mixed Platforms.Build.0 = Debug|x86
		{D4F521A5-7066-4EF6-BB85-FF844BF6F750}.Debug|Windows Phone.ActiveCfg = Debug|Any CPU
		{D4F521A5-7066-4EF6-BB85-FF844BF6F750}.Debug|x86.ActiveCfg = Debug|x86
		{D4F521A5-7066-4EF6-BB85-FF844BF6F750}.Debug|x86.Build.0 = Debug|x86
		{D4F521A5-7066-4EF6-BB85-FF844BF6F750}.Release|Any CPU.ActiveCfg = Release|Any CPU
		{D4F521A5-7066-4EF6-BB85-FF844BF6F750}.Release|Any CPU.Build.0 = Release|Any CPU
		{D4F521A5-7066-4EF6-BB85-FF844BF6F750}.Release|ARM.ActiveCfg = Release|ARM
		{D4F521A5-7066-4EF6-BB85-FF844BF6F750}.Release|ARM.Build.0 = Release|ARM
		{D4F521A5-7066-4EF6-BB85-FF844BF6F750}.Release|Mixed Platforms.ActiveCfg = Release|x86
		{D4F521A5-7066-4EF6-BB85-FF844BF6F750}.Release|Mixed Platforms.Build.0 = Release|x86
		{D4F521A5-7066-4EF6-BB85-FF844BF6F750}.Release|Windows Phone.ActiveCfg = Release|Any CPU
		{D4F521A5-7066-4EF6-BB85-FF844BF6F750}.Release|x86.ActiveCfg = Release|x86
		{D4F521A5-7066-4EF6-BB85-FF844BF6F750}.Release|x86.Build.0 = Release|x86
	EndGlobalSection
	GlobalSection(SolutionProperties) = preSolution
		HideSolutionNode = FALSE
	EndGlobalSection
EndGlobal
